Microsoft Visual Studio Solution File, Format Version 12.00
# Visual Studio Version 16
VisualStudioVersion = 16.0.29025.244
MinimumVisualStudioVersion = 15.0.26124.0
Project("{9A19103F-16F7-4668-BE54-9A1E7A4F7556}") = "projlint", "projlint\projlint.csproj", "{B70D6C23-90BC-4555-92DF-555B6C6D0F26}"
EndProject
Project("{2150E333-8FDC-42A3-9474-1A3956D46DE8}") = "Solution Items", "Solution Items", "{02A128FB-DD57-4D5D-8C8C-48890D65C9C1}"
	ProjectSection(SolutionItems) = preProject
		.gitattributes = .gitattributes
		.gitignore = .gitignore
		.nugit = .nugit
		.produce = .produce
		license.txt = license.txt
		readme.md = readme.md
	EndProjectSection
EndProject
Project("{2150E333-8FDC-42A3-9474-1A3956D46DE8}") = "nugit-MacroConsole", "nugit-MacroConsole", "{F383FF67-B478-4D96-ADFC-DE0D07F81D54}"
EndProject
Project("{9A19103F-16F7-4668-BE54-9A1E7A4F7556}") = "MacroConsole", "..\MacroConsole\MacroConsole\MacroConsole.csproj", "{D4AF53C5-AE06-4572-AFFF-BD0FFAA11FCF}"
EndProject
Project("{2150E333-8FDC-42A3-9474-1A3956D46DE8}") = "nugit-MacroDiagnostics", "nugit-MacroDiagnostics", "{6FA72D0D-20C5-4702-997A-BB9874A9C805}"
EndProject
Project("{9A19103F-16F7-4668-BE54-9A1E7A4F7556}") = "MacroDiagnostics", "..\MacroDiagnostics\MacroDiagnostics\MacroDiagnostics.csproj", "{4FBB2B55-961C-4C23-976C-9BA4E9208D73}"
EndProject
Project("{2150E333-8FDC-42A3-9474-1A3956D46DE8}") = "nugit-MacroEditorConfig", "nugit-MacroEditorConfig", "{DF2D7F7D-C7FE-4221-BE96-2E50B23A16DB}"
EndProject
Project("{9A19103F-16F7-4668-BE54-9A1E7A4F7556}") = "MacroEditorConfig", "..\MacroEditorConfig\MacroEditorConfig\MacroEditorConfig.csproj", "{FD28B36F-A247-411A-8BF0-18517B81EBE2}"
EndProject
Project("{2150E333-8FDC-42A3-9474-1A3956D46DE8}") = "nugit-MacroExceptions", "nugit-MacroExceptions", "{7F134EFA-7296-4D62-B3FC-7B099E9BDEB8}"
EndProject
Project("{9A19103F-16F7-4668-BE54-9A1E7A4F7556}") = "MacroExceptions", "..\MacroExceptions\MacroExceptions\MacroExceptions.csproj", "{F08677E5-1D82-4586-AE1D-D1AC369A2B39}"
EndProject
Project("{2150E333-8FDC-42A3-9474-1A3956D46DE8}") = "nugit-MacroGit", "nugit-MacroGit", "{D1944263-CC5F-490E-9F8D-60F126203CCB}"
EndProject
Project("{9A19103F-16F7-4668-BE54-9A1E7A4F7556}") = "MacroGit", "..\MacroGit\MacroGit\MacroGit.csproj", "{5AEDE211-FDEC-47F6-B27F-20E72AB7376C}"
EndProject
Project("{2150E333-8FDC-42A3-9474-1A3956D46DE8}") = "nugit-MacroGuards", "nugit-MacroGuards", "{51770CB7-9550-4A1E-ACA7-52088F552013}"
EndProject
Project("{9A19103F-16F7-4668-BE54-9A1E7A4F7556}") = "MacroGuards", "..\MacroGuards\MacroGuards\MacroGuards.csproj", "{EADBBE65-3D8A-42E8-AB55-9E4F6CC24C9B}"
EndProject
Project("{2150E333-8FDC-42A3-9474-1A3956D46DE8}") = "nugit-MacroSln", "nugit-MacroSln", "{FF590473-D7D8-4F79-9A41-649BBE30C57C}"
EndProject
Project("{9A19103F-16F7-4668-BE54-9A1E7A4F7556}") = "MacroSln", "..\MacroSln\MacroSln\MacroSln.csproj", "{543FD139-7A18-4291-BCBD-1D1CEB01F0BE}"
EndProject
Project("{2150E333-8FDC-42A3-9474-1A3956D46DE8}") = "nugit-MacroSystem", "nugit-MacroSystem", "{92FFED41-B5D7-436B-B77D-DCC586DEAB64}"
EndProject
Project("{9A19103F-16F7-4668-BE54-9A1E7A4F7556}") = "MacroSystem", "..\MacroSystem\MacroSystem\MacroSystem.csproj", "{7C2D7D47-3718-4D2B-BE57-2276C06E7F34}"
EndProject
Project("{2150E333-8FDC-42A3-9474-1A3956D46DE8}") = "nugit-MacroIO", "nugit-MacroIO", "{2F6CEF92-B28A-40F6-9D15-9EDBEFEFF4E6}"
EndProject
Project("{9A19103F-16F7-4668-BE54-9A1E7A4F7556}") = "MacroIO", "..\MacroIO\MacroIO\MacroIO.csproj", "{94237EBB-D843-4575-8426-09B7E4524AF9}"
EndProject
Project("{2150E333-8FDC-42A3-9474-1A3956D46DE8}") = "nugit-MacroCollections", "nugit-MacroCollections", "{CBC3A1DA-7EAD-450F-8AFB-C1C0BE72952B}"
EndProject
Project("{9A19103F-16F7-4668-BE54-9A1E7A4F7556}") = "MacroCollections", "..\MacroCollections\MacroCollections\MacroCollections.csproj", "{A28ABFA7-7C10-4BAB-B75C-1304F3FB5656}"
EndProject
Global
	GlobalSection(SolutionConfigurationPlatforms) = preSolution
		Debug|Any CPU = Debug|Any CPU
		Debug|x64 = Debug|x64
		Debug|x86 = Debug|x86
		Release|Any CPU = Release|Any CPU
		Release|x64 = Release|x64
		Release|x86 = Release|x86
	EndGlobalSection
	GlobalSection(ProjectConfigurationPlatforms) = postSolution
		{B70D6C23-90BC-4555-92DF-555B6C6D0F26}.Debug|Any CPU.ActiveCfg = Debug|Any CPU
		{B70D6C23-90BC-4555-92DF-555B6C6D0F26}.Debug|Any CPU.Build.0 = Debug|Any CPU
		{B70D6C23-90BC-4555-92DF-555B6C6D0F26}.Debug|x64.ActiveCfg = Debug|Any CPU
		{B70D6C23-90BC-4555-92DF-555B6C6D0F26}.Debug|x64.Build.0 = Debug|Any CPU
		{B70D6C23-90BC-4555-92DF-555B6C6D0F26}.Debug|x86.ActiveCfg = Debug|Any CPU
		{B70D6C23-90BC-4555-92DF-555B6C6D0F26}.Debug|x86.Build.0 = Debug|Any CPU
		{B70D6C23-90BC-4555-92DF-555B6C6D0F26}.Release|Any CPU.ActiveCfg = Release|Any CPU
		{B70D6C23-90BC-4555-92DF-555B6C6D0F26}.Release|Any CPU.Build.0 = Release|Any CPU
		{B70D6C23-90BC-4555-92DF-555B6C6D0F26}.Release|x64.ActiveCfg = Release|Any CPU
		{B70D6C23-90BC-4555-92DF-555B6C6D0F26}.Release|x64.Build.0 = Release|Any CPU
		{B70D6C23-90BC-4555-92DF-555B6C6D0F26}.Release|x86.ActiveCfg = Release|Any CPU
		{B70D6C23-90BC-4555-92DF-555B6C6D0F26}.Release|x86.Build.0 = Release|Any CPU
		{D4AF53C5-AE06-4572-AFFF-BD0FFAA11FCF}.Debug|Any CPU.ActiveCfg = Debug|Any CPU
		{D4AF53C5-AE06-4572-AFFF-BD0FFAA11FCF}.Debug|Any CPU.Build.0 = Debug|Any CPU
		{D4AF53C5-AE06-4572-AFFF-BD0FFAA11FCF}.Debug|x64.ActiveCfg = Debug|Any CPU
		{D4AF53C5-AE06-4572-AFFF-BD0FFAA11FCF}.Debug|x64.Build.0 = Debug|Any CPU
		{D4AF53C5-AE06-4572-AFFF-BD0FFAA11FCF}.Debug|x86.ActiveCfg = Debug|Any CPU
		{D4AF53C5-AE06-4572-AFFF-BD0FFAA11FCF}.Debug|x86.Build.0 = Debug|Any CPU
		{D4AF53C5-AE06-4572-AFFF-BD0FFAA11FCF}.Release|Any CPU.ActiveCfg = Release|Any CPU
		{D4AF53C5-AE06-4572-AFFF-BD0FFAA11FCF}.Release|Any CPU.Build.0 = Release|Any CPU
		{D4AF53C5-AE06-4572-AFFF-BD0FFAA11FCF}.Release|x64.ActiveCfg = Release|Any CPU
		{D4AF53C5-AE06-4572-AFFF-BD0FFAA11FCF}.Release|x64.Build.0 = Release|Any CPU
		{D4AF53C5-AE06-4572-AFFF-BD0FFAA11FCF}.Release|x86.ActiveCfg = Release|Any CPU
		{D4AF53C5-AE06-4572-AFFF-BD0FFAA11FCF}.Release|x86.Build.0 = Release|Any CPU
		{4FBB2B55-961C-4C23-976C-9BA4E9208D73}.Debug|Any CPU.ActiveCfg = Debug|Any CPU
		{4FBB2B55-961C-4C23-976C-9BA4E9208D73}.Debug|Any CPU.Build.0 = Debug|Any CPU
		{4FBB2B55-961C-4C23-976C-9BA4E9208D73}.Debug|x64.ActiveCfg = Debug|Any CPU
		{4FBB2B55-961C-4C23-976C-9BA4E9208D73}.Debug|x64.Build.0 = Debug|Any CPU
		{4FBB2B55-961C-4C23-976C-9BA4E9208D73}.Debug|x86.ActiveCfg = Debug|Any CPU
		{4FBB2B55-961C-4C23-976C-9BA4E9208D73}.Debug|x86.Build.0 = Debug|Any CPU
		{4FBB2B55-961C-4C23-976C-9BA4E9208D73}.Release|Any CPU.ActiveCfg = Release|Any CPU
		{4FBB2B55-961C-4C23-976C-9BA4E9208D73}.Release|Any CPU.Build.0 = Release|Any CPU
		{4FBB2B55-961C-4C23-976C-9BA4E9208D73}.Release|x64.ActiveCfg = Release|Any CPU
		{4FBB2B55-961C-4C23-976C-9BA4E9208D73}.Release|x64.Build.0 = Release|Any CPU
		{4FBB2B55-961C-4C23-976C-9BA4E9208D73}.Release|x86.ActiveCfg = Release|Any CPU
		{4FBB2B55-961C-4C23-976C-9BA4E9208D73}.Release|x86.Build.0 = Release|Any CPU
		{FD28B36F-A247-411A-8BF0-18517B81EBE2}.Debug|Any CPU.ActiveCfg = Debug|Any CPU
		{FD28B36F-A247-411A-8BF0-18517B81EBE2}.Debug|Any CPU.Build.0 = Debug|Any CPU
		{FD28B36F-A247-411A-8BF0-18517B81EBE2}.Debug|x64.ActiveCfg = Debug|Any CPU
		{FD28B36F-A247-411A-8BF0-18517B81EBE2}.Debug|x64.Build.0 = Debug|Any CPU
		{FD28B36F-A247-411A-8BF0-18517B81EBE2}.Debug|x86.ActiveCfg = Debug|Any CPU
		{FD28B36F-A247-411A-8BF0-18517B81EBE2}.Debug|x86.Build.0 = Debug|Any CPU
		{FD28B36F-A247-411A-8BF0-18517B81EBE2}.Release|Any CPU.ActiveCfg = Release|Any CPU
		{FD28B36F-A247-411A-8BF0-18517B81EBE2}.Release|Any CPU.Build.0 = Release|Any CPU
		{FD28B36F-A247-411A-8BF0-18517B81EBE2}.Release|x64.ActiveCfg = Release|Any CPU
		{FD28B36F-A247-411A-8BF0-18517B81EBE2}.Release|x64.Build.0 = Release|Any CPU
		{FD28B36F-A247-411A-8BF0-18517B81EBE2}.Release|x86.ActiveCfg = Release|Any CPU
		{FD28B36F-A247-411A-8BF0-18517B81EBE2}.Release|x86.Build.0 = Release|Any CPU
		{F08677E5-1D82-4586-AE1D-D1AC369A2B39}.Debug|Any CPU.ActiveCfg = Debug|Any CPU
		{F08677E5-1D82-4586-AE1D-D1AC369A2B39}.Debug|Any CPU.Build.0 = Debug|Any CPU
		{F08677E5-1D82-4586-AE1D-D1AC369A2B39}.Debug|x64.ActiveCfg = Debug|Any CPU
		{F08677E5-1D82-4586-AE1D-D1AC369A2B39}.Debug|x64.Build.0 = Debug|Any CPU
		{F08677E5-1D82-4586-AE1D-D1AC369A2B39}.Debug|x86.ActiveCfg = Debug|Any CPU
		{F08677E5-1D82-4586-AE1D-D1AC369A2B39}.Debug|x86.Build.0 = Debug|Any CPU
		{F08677E5-1D82-4586-AE1D-D1AC369A2B39}.Release|Any CPU.ActiveCfg = Release|Any CPU
		{F08677E5-1D82-4586-AE1D-D1AC369A2B39}.Release|Any CPU.Build.0 = Release|Any CPU
		{F08677E5-1D82-4586-AE1D-D1AC369A2B39}.Release|x64.ActiveCfg = Release|Any CPU
		{F08677E5-1D82-4586-AE1D-D1AC369A2B39}.Release|x64.Build.0 = Release|Any CPU
		{F08677E5-1D82-4586-AE1D-D1AC369A2B39}.Release|x86.ActiveCfg = Release|Any CPU
		{F08677E5-1D82-4586-AE1D-D1AC369A2B39}.Release|x86.Build.0 = Release|Any CPU
		{5AEDE211-FDEC-47F6-B27F-20E72AB7376C}.Debug|Any CPU.ActiveCfg = Debug|Any CPU
		{5AEDE211-FDEC-47F6-B27F-20E72AB7376C}.Debug|Any CPU.Build.0 = Debug|Any CPU
		{5AEDE211-FDEC-47F6-B27F-20E72AB7376C}.Debug|x64.ActiveCfg = Debug|Any CPU
		{5AEDE211-FDEC-47F6-B27F-20E72AB7376C}.Debug|x64.Build.0 = Debug|Any CPU
		{5AEDE211-FDEC-47F6-B27F-20E72AB7376C}.Debug|x86.ActiveCfg = Debug|Any CPU
		{5AEDE211-FDEC-47F6-B27F-20E72AB7376C}.Debug|x86.Build.0 = Debug|Any CPU
		{5AEDE211-FDEC-47F6-B27F-20E72AB7376C}.Release|Any CPU.ActiveCfg = Release|Any CPU
		{5AEDE211-FDEC-47F6-B27F-20E72AB7376C}.Release|Any CPU.Build.0 = Release|Any CPU
		{5AEDE211-FDEC-47F6-B27F-20E72AB7376C}.Release|x64.ActiveCfg = Release|Any CPU
		{5AEDE211-FDEC-47F6-B27F-20E72AB7376C}.Release|x64.Build.0 = Release|Any CPU
		{5AEDE211-FDEC-47F6-B27F-20E72AB7376C}.Release|x86.ActiveCfg = Release|Any CPU
		{5AEDE211-FDEC-47F6-B27F-20E72AB7376C}.Release|x86.Build.0 = Release|Any CPU
		{EADBBE65-3D8A-42E8-AB55-9E4F6CC24C9B}.Debug|Any CPU.ActiveCfg = Debug|Any CPU
		{EADBBE65-3D8A-42E8-AB55-9E4F6CC24C9B}.Debug|Any CPU.Build.0 = Debug|Any CPU
		{EADBBE65-3D8A-42E8-AB55-9E4F6CC24C9B}.Debug|x64.ActiveCfg = Debug|Any CPU
		{EADBBE65-3D8A-42E8-AB55-9E4F6CC24C9B}.Debug|x64.Build.0 = Debug|Any CPU
		{EADBBE65-3D8A-42E8-AB55-9E4F6CC24C9B}.Debug|x86.ActiveCfg = Debug|Any CPU
		{EADBBE65-3D8A-42E8-AB55-9E4F6CC24C9B}.Debug|x86.Build.0 = Debug|Any CPU
		{EADBBE65-3D8A-42E8-AB55-9E4F6CC24C9B}.Release|Any CPU.ActiveCfg = Release|Any CPU
		{EADBBE65-3D8A-42E8-AB55-9E4F6CC24C9B}.Release|Any CPU.Build.0 = Release|Any CPU
		{EADBBE65-3D8A-42E8-AB55-9E4F6CC24C9B}.Release|x64.ActiveCfg = Release|Any CPU
		{EADBBE65-3D8A-42E8-AB55-9E4F6CC24C9B}.Release|x64.Build.0 = Release|Any CPU
		{EADBBE65-3D8A-42E8-AB55-9E4F6CC24C9B}.Release|x86.ActiveCfg = Release|Any CPU
		{EADBBE65-3D8A-42E8-AB55-9E4F6CC24C9B}.Release|x86.Build.0 = Release|Any CPU
		{543FD139-7A18-4291-BCBD-1D1CEB01F0BE}.Debug|Any CPU.ActiveCfg = Debug|Any CPU
		{543FD139-7A18-4291-BCBD-1D1CEB01F0BE}.Debug|Any CPU.Build.0 = Debug|Any CPU
		{543FD139-7A18-4291-BCBD-1D1CEB01F0BE}.Debug|x64.ActiveCfg = Debug|Any CPU
		{543FD139-7A18-4291-BCBD-1D1CEB01F0BE}.Debug|x64.Build.0 = Debug|Any CPU
		{543FD139-7A18-4291-BCBD-1D1CEB01F0BE}.Debug|x86.ActiveCfg = Debug|Any CPU
		{543FD139-7A18-4291-BCBD-1D1CEB01F0BE}.Debug|x86.Build.0 = Debug|Any CPU
		{543FD139-7A18-4291-BCBD-1D1CEB01F0BE}.Release|Any CPU.ActiveCfg = Release|Any CPU
		{543FD139-7A18-4291-BCBD-1D1CEB01F0BE}.Release|Any CPU.Build.0 = Release|Any CPU
		{543FD139-7A18-4291-BCBD-1D1CEB01F0BE}.Release|x64.ActiveCfg = Release|Any CPU
		{543FD139-7A18-4291-BCBD-1D1CEB01F0BE}.Release|x64.Build.0 = Release|Any CPU
		{543FD139-7A18-4291-BCBD-1D1CEB01F0BE}.Release|x86.ActiveCfg = Release|Any CPU
		{543FD139-7A18-4291-BCBD-1D1CEB01F0BE}.Release|x86.Build.0 = Release|Any CPU
		{7C2D7D47-3718-4D2B-BE57-2276C06E7F34}.Debug|Any CPU.ActiveCfg = Debug|Any CPU
		{7C2D7D47-3718-4D2B-BE57-2276C06E7F34}.Debug|Any CPU.Build.0 = Debug|Any CPU
		{7C2D7D47-3718-4D2B-BE57-2276C06E7F34}.Debug|x64.ActiveCfg = Debug|Any CPU
		{7C2D7D47-3718-4D2B-BE57-2276C06E7F34}.Debug|x64.Build.0 = Debug|Any CPU
		{7C2D7D47-3718-4D2B-BE57-2276C06E7F34}.Debug|x86.ActiveCfg = Debug|Any CPU
		{7C2D7D47-3718-4D2B-BE57-2276C06E7F34}.Debug|x86.Build.0 = Debug|Any CPU
		{7C2D7D47-3718-4D2B-BE57-2276C06E7F34}.Release|Any CPU.ActiveCfg = Release|Any CPU
		{7C2D7D47-3718-4D2B-BE57-2276C06E7F34}.Release|Any CPU.Build.0 = Release|Any CPU
		{7C2D7D47-3718-4D2B-BE57-2276C06E7F34}.Release|x64.ActiveCfg = Release|Any CPU
		{7C2D7D47-3718-4D2B-BE57-2276C06E7F34}.Release|x64.Build.0 = Release|Any CPU
		{7C2D7D47-3718-4D2B-BE57-2276C06E7F34}.Release|x86.ActiveCfg = Release|Any CPU
		{7C2D7D47-3718-4D2B-BE57-2276C06E7F34}.Release|x86.Build.0 = Release|Any CPU
		{94237EBB-D843-4575-8426-09B7E4524AF9}.Debug|Any CPU.ActiveCfg = Debug|Any CPU
		{94237EBB-D843-4575-8426-09B7E4524AF9}.Debug|Any CPU.Build.0 = Debug|Any CPU
		{94237EBB-D843-4575-8426-09B7E4524AF9}.Debug|x64.ActiveCfg = Debug|Any CPU
		{94237EBB-D843-4575-8426-09B7E4524AF9}.Debug|x64.Build.0 = Debug|Any CPU
		{94237EBB-D843-4575-8426-09B7E4524AF9}.Debug|x86.ActiveCfg = Debug|Any CPU
		{94237EBB-D843-4575-8426-09B7E4524AF9}.Debug|x86.Build.0 = Debug|Any CPU
		{94237EBB-D843-4575-8426-09B7E4524AF9}.Release|Any CPU.ActiveCfg = Release|Any CPU
		{94237EBB-D843-4575-8426-09B7E4524AF9}.Release|Any CPU.Build.0 = Release|Any CPU
		{94237EBB-D843-4575-8426-09B7E4524AF9}.Release|x64.ActiveCfg = Release|Any CPU
		{94237EBB-D843-4575-8426-09B7E4524AF9}.Release|x64.Build.0 = Release|Any CPU
		{94237EBB-D843-4575-8426-09B7E4524AF9}.Release|x86.ActiveCfg = Release|Any CPU
		{94237EBB-D843-4575-8426-09B7E4524AF9}.Release|x86.Build.0 = Release|Any CPU
		{A28ABFA7-7C10-4BAB-B75C-1304F3FB5656}.Debug|Any CPU.ActiveCfg = Debug|Any CPU
		{A28ABFA7-7C10-4BAB-B75C-1304F3FB5656}.Debug|Any CPU.Build.0 = Debug|Any CPU
		{A28ABFA7-7C10-4BAB-B75C-1304F3FB5656}.Debug|x64.ActiveCfg = Debug|Any CPU
		{A28ABFA7-7C10-4BAB-B75C-1304F3FB5656}.Debug|x64.Build.0 = Debug|Any CPU
		{A28ABFA7-7C10-4BAB-B75C-1304F3FB5656}.Debug|x86.ActiveCfg = Debug|Any CPU
		{A28ABFA7-7C10-4BAB-B75C-1304F3FB5656}.Debug|x86.Build.0 = Debug|Any CPU
		{A28ABFA7-7C10-4BAB-B75C-1304F3FB5656}.Release|Any CPU.ActiveCfg = Release|Any CPU
		{A28ABFA7-7C10-4BAB-B75C-1304F3FB5656}.Release|Any CPU.Build.0 = Release|Any CPU
		{A28ABFA7-7C10-4BAB-B75C-1304F3FB5656}.Release|x64.ActiveCfg = Release|Any CPU
		{A28ABFA7-7C10-4BAB-B75C-1304F3FB5656}.Release|x64.Build.0 = Release|Any CPU
		{A28ABFA7-7C10-4BAB-B75C-1304F3FB5656}.Release|x86.ActiveCfg = Release|Any CPU
		{A28ABFA7-7C10-4BAB-B75C-1304F3FB5656}.Release|x86.Build.0 = Release|Any CPU
	EndGlobalSection
	GlobalSection(SolutionProperties) = preSolution
		HideSolutionNode = FALSE
	EndGlobalSection
	GlobalSection(NestedProjects) = preSolution
		{D4AF53C5-AE06-4572-AFFF-BD0FFAA11FCF} = {F383FF67-B478-4D96-ADFC-DE0D07F81D54}
		{4FBB2B55-961C-4C23-976C-9BA4E9208D73} = {6FA72D0D-20C5-4702-997A-BB9874A9C805}
		{FD28B36F-A247-411A-8BF0-18517B81EBE2} = {DF2D7F7D-C7FE-4221-BE96-2E50B23A16DB}
		{F08677E5-1D82-4586-AE1D-D1AC369A2B39} = {7F134EFA-7296-4D62-B3FC-7B099E9BDEB8}
		{5AEDE211-FDEC-47F6-B27F-20E72AB7376C} = {D1944263-CC5F-490E-9F8D-60F126203CCB}
		{EADBBE65-3D8A-42E8-AB55-9E4F6CC24C9B} = {51770CB7-9550-4A1E-ACA7-52088F552013}
		{543FD139-7A18-4291-BCBD-1D1CEB01F0BE} = {FF590473-D7D8-4F79-9A41-649BBE30C57C}
		{7C2D7D47-3718-4D2B-BE57-2276C06E7F34} = {92FFED41-B5D7-436B-B77D-DCC586DEAB64}
		{94237EBB-D843-4575-8426-09B7E4524AF9} = {2F6CEF92-B28A-40F6-9D15-9EDBEFEFF4E6}
		{A28ABFA7-7C10-4BAB-B75C-1304F3FB5656} = {CBC3A1DA-7EAD-450F-8AFB-C1C0BE72952B}
	EndGlobalSection
	GlobalSection(ExtensibilityGlobals) = postSolution
		SolutionGuid = {3609C11B-1072-4ADB-A4D3-12348DB94B17}
	EndGlobalSection
EndGlobal
